
Microsoft Visual Studio Solution File, Format Version 12.00
# Visual Studio Version 16
VisualStudioVersion = 16.0.33130.400
MinimumVisualStudioVersion = 10.0.40219.1
Project("{FAE04EC0-301F-11D3-BF4B-00C04F79EFBC}") = "Assignment5CF_Q1", "Assignment5CF_Q1\Assignment5CF_Q1.csproj", "{D72ADCF4-797F-4081-B7FE-76B6402AB1F0}"
EndProject
Global
	GlobalSection(SolutionConfigurationPlatforms) = preSolution
		Debug|Any CPU = Debug|Any CPU
		Release|Any CPU = Release|Any CPU
	EndGlobalSection
	GlobalSection(ProjectConfigurationPlatforms) = postSolution
		{D72ADCF4-797F-4081-B7FE-76B6402AB1F0}.Debug|Any CPU.ActiveCfg = Debug|Any CPU
		{D72ADCF4-797F-4081-B7FE-76B6402AB1F0}.Debug|Any CPU.Build.0 = Debug|Any CPU
		{D72ADCF4-797F-4081-B7FE-76B6402AB1F0}.Release|Any CPU.ActiveCfg = Release|Any CPU
		{D72ADCF4-797F-4081-B7FE-76B6402AB1F0}.Release|Any CPU.Build.0 = Release|Any CPU
	EndGlobalSection
	GlobalSection(SolutionProperties) = preSolution
		HideSolutionNode = FALSE
	EndGlobalSection
	GlobalSection(ExtensibilityGlobals) = postSolution
		SolutionGuid = {44970F42-CF1A-4681-9FF0-AADDBBB6F965}
	EndGlobalSection
EndGlobal
