
Microsoft Visual Studio Solution File, Format Version 12.00
# Visual Studio Version 16
VisualStudioVersion = 16.0.33130.400
MinimumVisualStudioVersion = 10.0.40219.1
Project("{FAE04EC0-301F-11D3-BF4B-00C04F79EFBC}") = "Assignment6DEL_Q3", "Assignment6DEL_Q3\Assignment6DEL_Q3.csproj", "{E39FB4DC-6D82-41C3-AA8F-4F68AC437397}"
EndProject
Global
	GlobalSection(SolutionConfigurationPlatforms) = preSolution
		Debug|Any CPU = Debug|Any CPU
		Release|Any CPU = Release|Any CPU
	EndGlobalSection
	GlobalSection(ProjectConfigurationPlatforms) = postSolution
		{E39FB4DC-6D82-41C3-AA8F-4F68AC437397}.Debug|Any CPU.ActiveCfg = Debug|Any CPU
		{E39FB4DC-6D82-41C3-AA8F-4F68AC437397}.Debug|Any CPU.Build.0 = Debug|Any CPU
		{E39FB4DC-6D82-41C3-AA8F-4F68AC437397}.Release|Any CPU.ActiveCfg = Release|Any CPU
		{E39FB4DC-6D82-41C3-AA8F-4F68AC437397}.Release|Any CPU.Build.0 = Release|Any CPU
	EndGlobalSection
	GlobalSection(SolutionProperties) = preSolution
		HideSolutionNode = FALSE
	EndGlobalSection
	GlobalSection(ExtensibilityGlobals) = postSolution
		SolutionGuid = {217819D9-FA42-4D5F-A63A-2C05C5FA1459}
	EndGlobalSection
EndGlobal
