
Microsoft Visual Studio Solution File, Format Version 12.00
# Visual Studio Version 16
VisualStudioVersion = 16.0.33130.400
MinimumVisualStudioVersion = 10.0.40219.1
Project("{FAE04EC0-301F-11D3-BF4B-00C04F79EFBC}") = "Assignment7FIO_Q3", "Assignment7FIO_Q3\Assignment7FIO_Q3.csproj", "{DF0B01A5-6F8C-4752-8F13-466F9362B89C}"
EndProject
Global
	GlobalSection(SolutionConfigurationPlatforms) = preSolution
		Debug|Any CPU = Debug|Any CPU
		Release|Any CPU = Release|Any CPU
	EndGlobalSection
	GlobalSection(ProjectConfigurationPlatforms) = postSolution
		{DF0B01A5-6F8C-4752-8F13-466F9362B89C}.Debug|Any CPU.ActiveCfg = Debug|Any CPU
		{DF0B01A5-6F8C-4752-8F13-466F9362B89C}.Debug|Any CPU.Build.0 = Debug|Any CPU
		{DF0B01A5-6F8C-4752-8F13-466F9362B89C}.Release|Any CPU.ActiveCfg = Release|Any CPU
		{DF0B01A5-6F8C-4752-8F13-466F9362B89C}.Release|Any CPU.Build.0 = Release|Any CPU
	EndGlobalSection
	GlobalSection(SolutionProperties) = preSolution
		HideSolutionNode = FALSE
	EndGlobalSection
	GlobalSection(ExtensibilityGlobals) = postSolution
		SolutionGuid = {5F6BA5DF-4FDB-477A-AB11-F4BF56B4DE57}
	EndGlobalSection
EndGlobal
